// !$*UTF8*$!
{
	archiveVersion = 1;
	classes = {
	};
	objectVersion = 50;
	objects = {

/* Begin PBXBuildFile section */
		2B57C9E922FB77FF0052D3C4 /* AppDelegate.swift in Sources */ = {isa = PBXBuildFile; fileRef = 2B57C9E822FB77FF0052D3C4 /* AppDelegate.swift */; };
		2B57C9EB22FB77FF0052D3C4 /* ViewController.swift in Sources */ = {isa = PBXBuildFile; fileRef = 2B57C9EA22FB77FF0052D3C4 /* ViewController.swift */; };
		2B57C9EE22FB77FF0052D3C4 /* Main.storyboard in Resources */ = {isa = PBXBuildFile; fileRef = 2B57C9EC22FB77FF0052D3C4 /* Main.storyboard */; };
		2B57C9F022FB78010052D3C4 /* Assets.xcassets in Resources */ = {isa = PBXBuildFile; fileRef = 2B57C9EF22FB78010052D3C4 /* Assets.xcassets */; };
		2B57C9F322FB78010052D3C4 /* LaunchScreen.storyboard in Resources */ = {isa = PBXBuildFile; fileRef = 2B57C9F122FB78010052D3C4 /* LaunchScreen.storyboard */; };
		2B57C9FE22FB78020052D3C4 /* PPSTests.swift in Sources */ = {isa = PBXBuildFile; fileRef = 2B57C9FD22FB78020052D3C4 /* PPSTests.swift */; };
		2B57CA0922FB78020052D3C4 /* PPSUITests.swift in Sources */ = {isa = PBXBuildFile; fileRef = 2B57CA0822FB78020052D3C4 /* PPSUITests.swift */; };
		87C83AF490D52F578C74D03A /* Pods_PPS.framework in Frameworks */ = {isa = PBXBuildFile; fileRef = 97EF246C0DDD6B0578D61FC2 /* Pods_PPS.framework */; };
		DD89D44A52EE3A468B1DDA5E /* Pods_PPSUITests.framework in Frameworks */ = {isa = PBXBuildFile; fileRef = E7AB918C39A1F6A6FC61E2A4 /* Pods_PPSUITests.framework */; };
		EB365F07524DEE17F9E590CC /* Pods_PPSTests.framework in Frameworks */ = {isa = PBXBuildFile; fileRef = 0344C4E86415B3B477142377 /* Pods_PPSTests.framework */; };
/* End PBXBuildFile section */

/* Begin PBXContainerItemProxy section */
		2B57C9FA22FB78020052D3C4 /* PBXContainerItemProxy */ = {
			isa = PBXContainerItemProxy;
			containerPortal = 2B57C9DD22FB77FE0052D3C4 /* Project object */;
			proxyType = 1;
			remoteGlobalIDString = 2B57C9E422FB77FF0052D3C4;
			remoteInfo = PPS;
		};
		2B57CA0522FB78020052D3C4 /* PBXContainerItemProxy */ = {
			isa = PBXContainerItemProxy;
			containerPortal = 2B57C9DD22FB77FE0052D3C4 /* Project object */;
			proxyType = 1;
			remoteGlobalIDString = 2B57C9E422FB77FF0052D3C4;
			remoteInfo = PPS;
		};
/* End PBXContainerItemProxy section */

/* Begin PBXCopyFilesBuildPhase section */
		2B57CA2922FB7AB90052D3C4 /* Embed Frameworks */ = {
			isa = PBXCopyFilesBuildPhase;
			buildActionMask = 2147483647;
			dstPath = "";
			dstSubfolderSpec = 10;
			files = (
			);
			name = "Embed Frameworks";
			runOnlyForDeploymentPostprocessing = 0;
		};
/* End PBXCopyFilesBuildPhase section */

/* Begin PBXFileReference section */
		0344C4E86415B3B477142377 /* Pods_PPSTests.framework */ = {isa = PBXFileReference; explicitFileType = wrapper.framework; includeInIndex = 0; path = Pods_PPSTests.framework; sourceTree = BUILT_PRODUCTS_DIR; };
		09A4D5AC1B14C323B06BD3F6 /* Pods-PPS.release.xcconfig */ = {isa = PBXFileReference; includeInIndex = 1; lastKnownFileType = text.xcconfig; name = "Pods-PPS.release.xcconfig"; path = "Target Support Files/Pods-PPS/Pods-PPS.release.xcconfig"; sourceTree = "<group>"; };
		2B57C9E522FB77FF0052D3C4 /* PPS.app */ = {isa = PBXFileReference; explicitFileType = wrapper.application; includeInIndex = 0; path = PPS.app; sourceTree = BUILT_PRODUCTS_DIR; };
		2B57C9E822FB77FF0052D3C4 /* AppDelegate.swift */ = {isa = PBXFileReference; lastKnownFileType = sourcecode.swift; path = AppDelegate.swift; sourceTree = "<group>"; };
		2B57C9EA22FB77FF0052D3C4 /* ViewController.swift */ = {isa = PBXFileReference; lastKnownFileType = sourcecode.swift; path = ViewController.swift; sourceTree = "<group>"; };
		2B57C9ED22FB77FF0052D3C4 /* Base */ = {isa = PBXFileReference; lastKnownFileType = file.storyboard; name = Base; path = Base.lproj/Main.storyboard; sourceTree = "<group>"; };
		2B57C9EF22FB78010052D3C4 /* Assets.xcassets */ = {isa = PBXFileReference; lastKnownFileType = folder.assetcatalog; path = Assets.xcassets; sourceTree = "<group>"; };
		2B57C9F222FB78010052D3C4 /* Base */ = {isa = PBXFileReference; lastKnownFileType = file.storyboard; name = Base; path = Base.lproj/LaunchScreen.storyboard; sourceTree = "<group>"; };
		2B57C9F422FB78010052D3C4 /* Info.plist */ = {isa = PBXFileReference; lastKnownFileType = text.plist.xml; path = Info.plist; sourceTree = "<group>"; };
		2B57C9F922FB78020052D3C4 /* PPSTests.xctest */ = {isa = PBXFileReference; explicitFileType = wrapper.cfbundle; includeInIndex = 0; path = PPSTests.xctest; sourceTree = BUILT_PRODUCTS_DIR; };
		2B57C9FD22FB78020052D3C4 /* PPSTests.swift */ = {isa = PBXFileReference; lastKnownFileType = sourcecode.swift; path = PPSTests.swift; sourceTree = "<group>"; };
		2B57C9FF22FB78020052D3C4 /* Info.plist */ = {isa = PBXFileReference; lastKnownFileType = text.plist.xml; path = Info.plist; sourceTree = "<group>"; };
		2B57CA0422FB78020052D3C4 /* PPSUITests.xctest */ = {isa = PBXFileReference; explicitFileType = wrapper.cfbundle; includeInIndex = 0; path = PPSUITests.xctest; sourceTree = BUILT_PRODUCTS_DIR; };
		2B57CA0822FB78020052D3C4 /* PPSUITests.swift */ = {isa = PBXFileReference; lastKnownFileType = sourcecode.swift; path = PPSUITests.swift; sourceTree = "<group>"; };
		2B57CA0A22FB78020052D3C4 /* Info.plist */ = {isa = PBXFileReference; lastKnownFileType = text.plist.xml; path = Info.plist; sourceTree = "<group>"; };
		34DABF69D575EC272BBB86CA /* Pods-PPSUITests.release.xcconfig */ = {isa = PBXFileReference; includeInIndex = 1; lastKnownFileType = text.xcconfig; name = "Pods-PPSUITests.release.xcconfig"; path = "Target Support Files/Pods-PPSUITests/Pods-PPSUITests.release.xcconfig"; sourceTree = "<group>"; };
		40FD03772C7D8947C6FAA2DF /* Pods-PPSTests.debug.xcconfig */ = {isa = PBXFileReference; includeInIndex = 1; lastKnownFileType = text.xcconfig; name = "Pods-PPSTests.debug.xcconfig"; path = "Target Support Files/Pods-PPSTests/Pods-PPSTests.debug.xcconfig"; sourceTree = "<group>"; };
		56CC94D2F836DDE7E2CC6118 /* Pods-PPSUITests.debug.xcconfig */ = {isa = PBXFileReference; includeInIndex = 1; lastKnownFileType = text.xcconfig; name = "Pods-PPSUITests.debug.xcconfig"; path = "Target Support Files/Pods-PPSUITests/Pods-PPSUITests.debug.xcconfig"; sourceTree = "<group>"; };
		6A734D40B9426F7FD92C77F1 /* Pods-PPSTests.release.xcconfig */ = {isa = PBXFileReference; includeInIndex = 1; lastKnownFileType = text.xcconfig; name = "Pods-PPSTests.release.xcconfig"; path = "Target Support Files/Pods-PPSTests/Pods-PPSTests.release.xcconfig"; sourceTree = "<group>"; };
		6E488CD682BFBF6C46F03079 /* Pods-PPS.debug.xcconfig */ = {isa = PBXFileReference; includeInIndex = 1; lastKnownFileType = text.xcconfig; name = "Pods-PPS.debug.xcconfig"; path = "Target Support Files/Pods-PPS/Pods-PPS.debug.xcconfig"; sourceTree = "<group>"; };
		97EF246C0DDD6B0578D61FC2 /* Pods_PPS.framework */ = {isa = PBXFileReference; explicitFileType = wrapper.framework; includeInIndex = 0; path = Pods_PPS.framework; sourceTree = BUILT_PRODUCTS_DIR; };
		E7AB918C39A1F6A6FC61E2A4 /* Pods_PPSUITests.framework */ = {isa = PBXFileReference; explicitFileType = wrapper.framework; includeInIndex = 0; path = Pods_PPSUITests.framework; sourceTree = BUILT_PRODUCTS_DIR; };
/* End PBXFileReference section */

/* Begin PBXFrameworksBuildPhase section */
		2B57C9E222FB77FF0052D3C4 /* Frameworks */ = {
			isa = PBXFrameworksBuildPhase;
			buildActionMask = 2147483647;
			files = (
				87C83AF490D52F578C74D03A /* Pods_PPS.framework in Frameworks */,
			);
			runOnlyForDeploymentPostprocessing = 0;
		};
		2B57C9F622FB78020052D3C4 /* Frameworks */ = {
			isa = PBXFrameworksBuildPhase;
			buildActionMask = 2147483647;
			files = (
				EB365F07524DEE17F9E590CC /* Pods_PPSTests.framework in Frameworks */,
			);
			runOnlyForDeploymentPostprocessing = 0;
		};
		2B57CA0122FB78020052D3C4 /* Frameworks */ = {
			isa = PBXFrameworksBuildPhase;
			buildActionMask = 2147483647;
			files = (
				DD89D44A52EE3A468B1DDA5E /* Pods_PPSUITests.framework in Frameworks */,
			);
			runOnlyForDeploymentPostprocessing = 0;
		};
/* End PBXFrameworksBuildPhase section */

/* Begin PBXGroup section */
		2B57C9DC22FB77FE0052D3C4 = {
			isa = PBXGroup;
			children = (
				2B57C9E722FB77FF0052D3C4 /* PPS */,
				2B57C9FC22FB78020052D3C4 /* PPSTests */,
				2B57CA0722FB78020052D3C4 /* PPSUITests */,
				2B57C9E622FB77FF0052D3C4 /* Products */,
				EC6B04B9FE8BA7D855FC6D65 /* Pods */,
				E776ED23B131CFF72DC9434C /* Frameworks */,
			);
			sourceTree = "<group>";
		};
		2B57C9E622FB77FF0052D3C4 /* Products */ = {
			isa = PBXGroup;
			children = (
				2B57C9E522FB77FF0052D3C4 /* PPS.app */,
				2B57C9F922FB78020052D3C4 /* PPSTests.xctest */,
				2B57CA0422FB78020052D3C4 /* PPSUITests.xctest */,
			);
			name = Products;
			sourceTree = "<group>";
		};
		2B57C9E722FB77FF0052D3C4 /* PPS */ = {
			isa = PBXGroup;
			children = (
				2B57C9E822FB77FF0052D3C4 /* AppDelegate.swift */,
				2B57C9EA22FB77FF0052D3C4 /* ViewController.swift */,
				2B57C9EC22FB77FF0052D3C4 /* Main.storyboard */,
				2B57C9EF22FB78010052D3C4 /* Assets.xcassets */,
				2B57C9F122FB78010052D3C4 /* LaunchScreen.storyboard */,
				2B57C9F422FB78010052D3C4 /* Info.plist */,
			);
			path = PPS;
			sourceTree = "<group>";
		};
		2B57C9FC22FB78020052D3C4 /* PPSTests */ = {
			isa = PBXGroup;
			children = (
				2B57C9FD22FB78020052D3C4 /* PPSTests.swift */,
				2B57C9FF22FB78020052D3C4 /* Info.plist */,
			);
			path = PPSTests;
			sourceTree = "<group>";
		};
		2B57CA0722FB78020052D3C4 /* PPSUITests */ = {
			isa = PBXGroup;
			children = (
				2B57CA0822FB78020052D3C4 /* PPSUITests.swift */,
				2B57CA0A22FB78020052D3C4 /* Info.plist */,
			);
			path = PPSUITests;
			sourceTree = "<group>";
		};
		E776ED23B131CFF72DC9434C /* Frameworks */ = {
			isa = PBXGroup;
			children = (
				97EF246C0DDD6B0578D61FC2 /* Pods_PPS.framework */,
				0344C4E86415B3B477142377 /* Pods_PPSTests.framework */,
				E7AB918C39A1F6A6FC61E2A4 /* Pods_PPSUITests.framework */,
			);
			name = Frameworks;
			sourceTree = "<group>";
		};
		EC6B04B9FE8BA7D855FC6D65 /* Pods */ = {
			isa = PBXGroup;
			children = (
				6E488CD682BFBF6C46F03079 /* Pods-PPS.debug.xcconfig */,
				09A4D5AC1B14C323B06BD3F6 /* Pods-PPS.release.xcconfig */,
				40FD03772C7D8947C6FAA2DF /* Pods-PPSTests.debug.xcconfig */,
				6A734D40B9426F7FD92C77F1 /* Pods-PPSTests.release.xcconfig */,
				56CC94D2F836DDE7E2CC6118 /* Pods-PPSUITests.debug.xcconfig */,
				34DABF69D575EC272BBB86CA /* Pods-PPSUITests.release.xcconfig */,
			);
			name = Pods;
			path = Pods;
			sourceTree = "<group>";
		};
/* End PBXGroup section */

/* Begin PBXNativeTarget section */
		2B57C9E422FB77FF0052D3C4 /* PPS */ = {
			isa = PBXNativeTarget;
			buildConfigurationList = 2B57CA0D22FB78020052D3C4 /* Build configuration list for PBXNativeTarget "PPS" */;
			buildPhases = (
				82C52187174E700F32DCCD6C /* [CP] Check Pods Manifest.lock */,
				2B57C9E122FB77FF0052D3C4 /* Sources */,
				2B57C9E222FB77FF0052D3C4 /* Frameworks */,
				2B57C9E322FB77FF0052D3C4 /* Resources */,
				2B57CA2922FB7AB90052D3C4 /* Embed Frameworks */,
			);
			buildRules = (
			);
			dependencies = (
			);
			name = PPS;
			productName = PPS;
			productReference = 2B57C9E522FB77FF0052D3C4 /* PPS.app */;
			productType = "com.apple.product-type.application";
		};
		2B57C9F822FB78020052D3C4 /* PPSTests */ = {
			isa = PBXNativeTarget;
			buildConfigurationList = 2B57CA1022FB78020052D3C4 /* Build configuration list for PBXNativeTarget "PPSTests" */;
			buildPhases = (
				C6D642E4EED25DEE248E4CB1 /* [CP] Check Pods Manifest.lock */,
				2B57C9F522FB78020052D3C4 /* Sources */,
				2B57C9F622FB78020052D3C4 /* Frameworks */,
				2B57C9F722FB78020052D3C4 /* Resources */,
			);
			buildRules = (
			);
			dependencies = (
				2B57C9FB22FB78020052D3C4 /* PBXTargetDependency */,
			);
			name = PPSTests;
			productName = PPSTests;
			productReference = 2B57C9F922FB78020052D3C4 /* PPSTests.xctest */;
			productType = "com.apple.product-type.bundle.unit-test";
		};
		2B57CA0322FB78020052D3C4 /* PPSUITests */ = {
			isa = PBXNativeTarget;
			buildConfigurationList = 2B57CA1322FB78020052D3C4 /* Build configuration list for PBXNativeTarget "PPSUITests" */;
			buildPhases = (
				E40637662396F890C23CFA2D /* [CP] Check Pods Manifest.lock */,
				2B57CA0022FB78020052D3C4 /* Sources */,
				2B57CA0122FB78020052D3C4 /* Frameworks */,
				2B57CA0222FB78020052D3C4 /* Resources */,
			);
			buildRules = (
			);
			dependencies = (
				2B57CA0622FB78020052D3C4 /* PBXTargetDependency */,
			);
			name = PPSUITests;
			productName = PPSUITests;
			productReference = 2B57CA0422FB78020052D3C4 /* PPSUITests.xctest */;
			productType = "com.apple.product-type.bundle.ui-testing";
		};
/* End PBXNativeTarget section */

/* Begin PBXProject section */
		2B57C9DD22FB77FE0052D3C4 /* Project object */ = {
			isa = PBXProject;
			attributes = {
				LastSwiftUpdateCheck = 1030;
				LastUpgradeCheck = 1030;
				ORGANIZATIONNAME = "Joshua Ren";
				TargetAttributes = {
					2B57C9E422FB77FF0052D3C4 = {
						CreatedOnToolsVersion = 10.3;
					};
					2B57C9F822FB78020052D3C4 = {
						CreatedOnToolsVersion = 10.3;
						TestTargetID = 2B57C9E422FB77FF0052D3C4;
					};
					2B57CA0322FB78020052D3C4 = {
						CreatedOnToolsVersion = 10.3;
						TestTargetID = 2B57C9E422FB77FF0052D3C4;
					};
				};
			};
			buildConfigurationList = 2B57C9E022FB77FE0052D3C4 /* Build configuration list for PBXProject "PPS" */;
			compatibilityVersion = "Xcode 9.3";
			developmentRegion = en;
			hasScannedForEncodings = 0;
			knownRegions = (
				en,
				Base,
			);
			mainGroup = 2B57C9DC22FB77FE0052D3C4;
			productRefGroup = 2B57C9E622FB77FF0052D3C4 /* Products */;
			projectDirPath = "";
			projectRoot = "";
			targets = (
				2B57C9E422FB77FF0052D3C4 /* PPS */,
				2B57C9F822FB78020052D3C4 /* PPSTests */,
				2B57CA0322FB78020052D3C4 /* PPSUITests */,
			);
		};
/* End PBXProject section */

/* Begin PBXResourcesBuildPhase section */
		2B57C9E322FB77FF0052D3C4 /* Resources */ = {
			isa = PBXResourcesBuildPhase;
			buildActionMask = 2147483647;
			files = (
				2B57C9F322FB78010052D3C4 /* LaunchScreen.storyboard in Resources */,
				2B57C9F022FB78010052D3C4 /* Assets.xcassets in Resources */,
				2B57C9EE22FB77FF0052D3C4 /* Main.storyboard in Resources */,
			);
			runOnlyForDeploymentPostprocessing = 0;
		};
		2B57C9F722FB78020052D3C4 /* Resources */ = {
			isa = PBXResourcesBuildPhase;
			buildActionMask = 2147483647;
			files = (
			);
			runOnlyForDeploymentPostprocessing = 0;
		};
		2B57CA0222FB78020052D3C4 /* Resources */ = {
			isa = PBXResourcesBuildPhase;
			buildActionMask = 2147483647;
			files = (
			);
			runOnlyForDeploymentPostprocessing = 0;
		};
/* End PBXResourcesBuildPhase section */

/* Begin PBXShellScriptBuildPhase section */
		82C52187174E700F32DCCD6C /* [CP] Check Pods Manifest.lock */ = {
			isa = PBXShellScriptBuildPhase;
			buildActionMask = 2147483647;
			files = (
			);
			inputFileListPaths = (
			);
			inputPaths = (
				"${PODS_PODFILE_DIR_PATH}/Podfile.lock",
				"${PODS_ROOT}/Manifest.lock",
			);
			name = "[CP] Check Pods Manifest.lock";
			outputFileListPaths = (
			);
			outputPaths = (
				"$(DERIVED_FILE_DIR)/Pods-PPS-checkManifestLockResult.txt",
			);
			runOnlyForDeploymentPostprocessing = 0;
			shellPath = /bin/sh;
			shellScript = "diff \"${PODS_PODFILE_DIR_PATH}/Podfile.lock\" \"${PODS_ROOT}/Manifest.lock\" > /dev/null\nif [ $? != 0 ] ; then\n    # print error to STDERR\n    echo \"error: The sandbox is not in sync with the Podfile.lock. Run 'pod install' or update your CocoaPods installation.\" >&2\n    exit 1\nfi\n# This output is used by Xcode 'outputs' to avoid re-running this script phase.\necho \"SUCCESS\" > \"${SCRIPT_OUTPUT_FILE_0}\"\n";
			showEnvVarsInLog = 0;
		};
		C6D642E4EED25DEE248E4CB1 /* [CP] Check Pods Manifest.lock */ = {
			isa = PBXShellScriptBuildPhase;
			buildActionMask = 2147483647;
			files = (
			);
			inputFileListPaths = (
			);
			inputPaths = (
				"${PODS_PODFILE_DIR_PATH}/Podfile.lock",
				"${PODS_ROOT}/Manifest.lock",
			);
			name = "[CP] Check Pods Manifest.lock";
			outputFileListPaths = (
			);
			outputPaths = (
				"$(DERIVED_FILE_DIR)/Pods-PPSTests-checkManifestLockResult.txt",
			);
			runOnlyForDeploymentPostprocessing = 0;
			shellPath = /bin/sh;
			shellScript = "diff \"${PODS_PODFILE_DIR_PATH}/Podfile.lock\" \"${PODS_ROOT}/Manifest.lock\" > /dev/null\nif [ $? != 0 ] ; then\n    # print error to STDERR\n    echo \"error: The sandbox is not in sync with the Podfile.lock. Run 'pod install' or update your CocoaPods installation.\" >&2\n    exit 1\nfi\n# This output is used by Xcode 'outputs' to avoid re-running this script phase.\necho \"SUCCESS\" > \"${SCRIPT_OUTPUT_FILE_0}\"\n";
			showEnvVarsInLog = 0;
		};
		E40637662396F890C23CFA2D /* [CP] Check Pods Manifest.lock */ = {
			isa = PBXShellScriptBuildPhase;
			buildActionMask = 2147483647;
			files = (
			);
			inputFileListPaths = (
			);
			inputPaths = (
				"${PODS_PODFILE_DIR_PATH}/Podfile.lock",
				"${PODS_ROOT}/Manifest.lock",
			);
			name = "[CP] Check Pods Manifest.lock";
			outputFileListPaths = (
			);
			outputPaths = (
				"$(DERIVED_FILE_DIR)/Pods-PPSUITests-checkManifestLockResult.txt",
			);
			runOnlyForDeploymentPostprocessing = 0;
			shellPath = /bin/sh;
			shellScript = "diff \"${PODS_PODFILE_DIR_PATH}/Podfile.lock\" \"${PODS_ROOT}/Manifest.lock\" > /dev/null\nif [ $? != 0 ] ; then\n    # print error to STDERR\n    echo \"error: The sandbox is not in sync with the Podfile.lock. Run 'pod install' or update your CocoaPods installation.\" >&2\n    exit 1\nfi\n# This output is used by Xcode 'outputs' to avoid re-running this script phase.\necho \"SUCCESS\" > \"${SCRIPT_OUTPUT_FILE_0}\"\n";
			showEnvVarsInLog = 0;
		};
/* End PBXShellScriptBuildPhase section */

/* Begin PBXSourcesBuildPhase section */
		2B57C9E122FB77FF0052D3C4 /* Sources */ = {
			isa = PBXSourcesBuildPhase;
			buildActionMask = 2147483647;
			files = (
				2B57C9EB22FB77FF0052D3C4 /* ViewController.swift in Sources */,
				2B57C9E922FB77FF0052D3C4 /* AppDelegate.swift in Sources */,
			);
			runOnlyForDeploymentPostprocessing = 0;
		};
		2B57C9F522FB78020052D3C4 /* Sources */ = {
			isa = PBXSourcesBuildPhase;
			buildActionMask = 2147483647;
			files = (
				2B57C9FE22FB78020052D3C4 /* PPSTests.swift in Sources */,
			);
			runOnlyForDeploymentPostprocessing = 0;
		};
		2B57CA0022FB78020052D3C4 /* Sources */ = {
			isa = PBXSourcesBuildPhase;
			buildActionMask = 2147483647;
			files = (
				2B57CA0922FB78020052D3C4 /* PPSUITests.swift in Sources */,
			);
			runOnlyForDeploymentPostprocessing = 0;
		};
/* End PBXSourcesBuildPhase section */

/* Begin PBXTargetDependency section */
		2B57C9FB22FB78020052D3C4 /* PBXTargetDependency */ = {
			isa = PBXTargetDependency;
			target = 2B57C9E422FB77FF0052D3C4 /* PPS */;
			targetProxy = 2B57C9FA22FB78020052D3C4 /* PBXContainerItemProxy */;
		};
		2B57CA0622FB78020052D3C4 /* PBXTargetDependency */ = {
			isa = PBXTargetDependency;
			target = 2B57C9E422FB77FF0052D3C4 /* PPS */;
			targetProxy = 2B57CA0522FB78020052D3C4 /* PBXContainerItemProxy */;
		};
/* End PBXTargetDependency section */

/* Begin PBXVariantGroup section */
		2B57C9EC22FB77FF0052D3C4 /* Main.storyboard */ = {
			isa = PBXVariantGroup;
			children = (
				2B57C9ED22FB77FF0052D3C4 /* Base */,
			);
			name = Main.storyboard;
			sourceTree = "<group>";
		};
		2B57C9F122FB78010052D3C4 /* LaunchScreen.storyboard */ = {
			isa = PBXVariantGroup;
			children = (
				2B57C9F222FB78010052D3C4 /* Base */,
			);
			name = LaunchScreen.storyboard;
			sourceTree = "<group>";
		};
/* End PBXVariantGroup section */

/* Begin XCBuildConfiguration section */
		2B57CA0B22FB78020052D3C4 /* Debug */ = {
			isa = XCBuildConfiguration;
			buildSettings = {
				ALWAYS_SEARCH_USER_PATHS = NO;
				CLANG_ANALYZER_NONNULL = YES;
				CLANG_ANALYZER_NUMBER_OBJECT_CONVERSION = YES_AGGRESSIVE;
				CLANG_CXX_LANGUAGE_STANDARD = "gnu++14";
				CLANG_CXX_LIBRARY = "libc++";
				CLANG_ENABLE_MODULES = YES;
				CLANG_ENABLE_OBJC_ARC = YES;
				CLANG_ENABLE_OBJC_WEAK = YES;
				CLANG_WARN_BLOCK_CAPTURE_AUTORELEASING = YES;
				CLANG_WARN_BOOL_CONVERSION = YES;
				CLANG_WARN_COMMA = YES;
				CLANG_WARN_CONSTANT_CONVERSION = YES;
				CLANG_WARN_DEPRECATED_OBJC_IMPLEMENTATIONS = YES;
				CLANG_WARN_DIRECT_OBJC_ISA_USAGE = YES_ERROR;
				CLANG_WARN_DOCUMENTATION_COMMENTS = YES;
				CLANG_WARN_EMPTY_BODY = YES;
				CLANG_WARN_ENUM_CONVERSION = YES;
				CLANG_WARN_INFINITE_RECURSION = YES;
				CLANG_WARN_INT_CONVERSION = YES;
				CLANG_WARN_NON_LITERAL_NULL_CONVERSION = YES;
				CLANG_WARN_OBJC_IMPLICIT_RETAIN_SELF = YES;
				CLANG_WARN_OBJC_LITERAL_CONVERSION = YES;
				CLANG_WARN_OBJC_ROOT_CLASS = YES_ERROR;
				CLANG_WARN_RANGE_LOOP_ANALYSIS = YES;
				CLANG_WARN_STRICT_PROTOTYPES = YES;
				CLANG_WARN_SUSPICIOUS_MOVE = YES;
				CLANG_WARN_UNGUARDED_AVAILABILITY = YES_AGGRESSIVE;
				CLANG_WARN_UNREACHABLE_CODE = YES;
				CLANG_WARN__DUPLICATE_METHOD_MATCH = YES;
				CODE_SIGN_IDENTITY = "iPhone Developer";
				COPY_PHASE_STRIP = NO;
				DEBUG_INFORMATION_FORMAT = dwarf;
				ENABLE_STRICT_OBJC_MSGSEND = YES;
				ENABLE_TESTABILITY = YES;
				GCC_C_LANGUAGE_STANDARD = gnu11;
				GCC_DYNAMIC_NO_PIC = NO;
				GCC_NO_COMMON_BLOCKS = YES;
				GCC_OPTIMIZATION_LEVEL = 0;
				GCC_PREPROCESSOR_DEFINITIONS = (
					"DEBUG=1",
					"$(inherited)",
				);
				GCC_WARN_64_TO_32_BIT_CONVERSION = YES;
				GCC_WARN_ABOUT_RETURN_TYPE = YES_ERROR;
				GCC_WARN_UNDECLARED_SELECTOR = YES;
				GCC_WARN_UNINITIALIZED_AUTOS = YES_AGGRESSIVE;
				GCC_WARN_UNUSED_FUNCTION = YES;
				GCC_WARN_UNUSED_VARIABLE = YES;
				IPHONEOS_DEPLOYMENT_TARGET = 12.4;
				MTL_ENABLE_DEBUG_INFO = INCLUDE_SOURCE;
				MTL_FAST_MATH = YES;
				ONLY_ACTIVE_ARCH = YES;
				SDKROOT = iphoneos;
				SWIFT_ACTIVE_COMPILATION_CONDITIONS = DEBUG;
				SWIFT_OPTIMIZATION_LEVEL = "-Onone";
			};
			name = Debug;
		};
		2B57CA0C22FB78020052D3C4 /* Release */ = {
			isa = XCBuildConfiguration;
			buildSettings = {
				ALWAYS_SEARCH_USER_PATHS = NO;
				CLANG_ANALYZER_NONNULL = YES;
				CLANG_ANALYZER_NUMBER_OBJECT_CONVERSION = YES_AGGRESSIVE;
				CLANG_CXX_LANGUAGE_STANDARD = "gnu++14";
				CLANG_CXX_LIBRARY = "libc++";
				CLANG_ENABLE_MODULES = YES;
				CLANG_ENABLE_OBJC_ARC = YES;
				CLANG_ENABLE_OBJC_WEAK = YES;
				CLANG_WARN_BLOCK_CAPTURE_AUTORELEASING = YES;
				CLANG_WARN_BOOL_CONVERSION = YES;
				CLANG_WARN_COMMA = YES;
				CLANG_WARN_CONSTANT_CONVERSION = YES;
				CLANG_WARN_DEPRECATED_OBJC_IMPLEMENTATIONS = YES;
				CLANG_WARN_DIRECT_OBJC_ISA_USAGE = YES_ERROR;
				CLANG_WARN_DOCUMENTATION_COMMENTS = YES;
				CLANG_WARN_EMPTY_BODY = YES;
				CLANG_WARN_ENUM_CONVERSION = YES;
				CLANG_WARN_INFINITE_RECURSION = YES;
				CLANG_WARN_INT_CONVERSION = YES;
				CLANG_WARN_NON_LITERAL_NULL_CONVERSION = YES;
				CLANG_WARN_OBJC_IMPLICIT_RETAIN_SELF = YES;
				CLANG_WARN_OBJC_LITERAL_CONVERSION = YES;
				CLANG_WARN_OBJC_ROOT_CLASS = YES_ERROR;
				CLANG_WARN_RANGE_LOOP_ANALYSIS = YES;
				CLANG_WARN_STRICT_PROTOTYPES = YES;
				CLANG_WARN_SUSPICIOUS_MOVE = YES;
				CLANG_WARN_UNGUARDED_AVAILABILITY = YES_AGGRESSIVE;
				CLANG_WARN_UNREACHABLE_CODE = YES;
				CLANG_WARN__DUPLICATE_METHOD_MATCH = YES;
				CODE_SIGN_IDENTITY = "iPhone Developer";
				COPY_PHASE_STRIP = NO;
				DEBUG_INFORMATION_FORMAT = "dwarf-with-dsym";
				ENABLE_NS_ASSERTIONS = NO;
				ENABLE_STRICT_OBJC_MSGSEND = YES;
				GCC_C_LANGUAGE_STANDARD = gnu11;
				GCC_NO_COMMON_BLOCKS = YES;
				GCC_WARN_64_TO_32_BIT_CONVERSION = YES;
				GCC_WARN_ABOUT_RETURN_TYPE = YES_ERROR;
				GCC_WARN_UNDECLARED_SELECTOR = YES;
				GCC_WARN_UNINITIALIZED_AUTOS = YES_AGGRESSIVE;
				GCC_WARN_UNUSED_FUNCTION = YES;
				GCC_WARN_UNUSED_VARIABLE = YES;
				IPHONEOS_DEPLOYMENT_TARGET = 12.4;
				MTL_ENABLE_DEBUG_INFO = NO;
				MTL_FAST_MATH = YES;
				SDKROOT = iphoneos;
				SWIFT_COMPILATION_MODE = wholemodule;
				SWIFT_OPTIMIZATION_LEVEL = "-O";
				VALIDATE_PRODUCT = YES;
			};
			name = Release;
		};
		2B57CA0E22FB78020052D3C4 /* Debug */ = {
			isa = XCBuildConfiguration;
			baseConfigurationReference = 6E488CD682BFBF6C46F03079 /* Pods-PPS.debug.xcconfig */;
			buildSettings = {
				ALWAYS_EMBED_SWIFT_STANDARD_LIBRARIES = YES;
				ASSETCATALOG_COMPILER_APPICON_NAME = AppIcon;
				CODE_SIGN_STYLE = Automatic;
				DEVELOPMENT_TEAM = SM94AGM8Y6;
				INFOPLIST_FILE = PPS/Info.plist;
				LD_RUNPATH_SEARCH_PATHS = (
					"$(inherited)",
					"@executable_path/Frameworks",
				);
				PRODUCT_BUNDLE_IDENTIFIER = com.joshuaren.PPS;
				PRODUCT_NAME = "$(TARGET_NAME)";
				SWIFT_VERSION = 5.0;
				TARGETED_DEVICE_FAMILY = "1,2";
			};
			name = Debug;
		};
		2B57CA0F22FB78020052D3C4 /* Release */ = {
			isa = XCBuildConfiguration;
			baseConfigurationReference = 09A4D5AC1B14C323B06BD3F6 /* Pods-PPS.release.xcconfig */;
			buildSettings = {
				ALWAYS_EMBED_SWIFT_STANDARD_LIBRARIES = YES;
				ASSETCATALOG_COMPILER_APPICON_NAME = AppIcon;
				CODE_SIGN_STYLE = Automatic;
				DEVELOPMENT_TEAM = SM94AGM8Y6;
				INFOPLIST_FILE = PPS/Info.plist;
				LD_RUNPATH_SEARCH_PATHS = (
					"$(inherited)",
					"@executable_path/Frameworks",
				);
				PRODUCT_BUNDLE_IDENTIFIER = com.joshuaren.PPS;
				PRODUCT_NAME = "$(TARGET_NAME)";
				SWIFT_VERSION = 5.0;
				TARGETED_DEVICE_FAMILY = "1,2";
			};
			name = Release;
		};
		2B57CA1122FB78020052D3C4 /* Debug */ = {
			isa = XCBuildConfiguration;
			baseConfigurationReference = 40FD03772C7D8947C6FAA2DF /* Pods-PPSTests.debug.xcconfig */;
			buildSettings = {
				ALWAYS_EMBED_SWIFT_STANDARD_LIBRARIES = YES;
				BUNDLE_LOADER = "$(TEST_HOST)";
				CODE_SIGN_STYLE = Automatic;
				DEVELOPMENT_TEAM = SM94AGM8Y6;
				INFOPLIST_FILE = PPSTests/Info.plist;
				LD_RUNPATH_SEARCH_PATHS = (
					"$(inherited)",
					"@executable_path/Frameworks",
					"@loader_path/Frameworks",
				);
				PRODUCT_BUNDLE_IDENTIFIER = com.joshuaren.PPSTests;
				PRODUCT_NAME = "$(TARGET_NAME)";
				SWIFT_VERSION = 5.0;
				TARGETED_DEVICE_FAMILY = "1,2";
				TEST_HOST = "$(BUILT_PRODUCTS_DIR)/PPS.app/PPS";
			};
			name = Debug;
		};
		2B57CA1222FB78020052D3C4 /* Release */ = {
			isa = XCBuildConfiguration;
			baseConfigurationReference = 6A734D40B9426F7FD92C77F1 /* Pods-PPSTests.release.xcconfig */;
			buildSettings = {
				ALWAYS_EMBED_SWIFT_STANDARD_LIBRARIES = YES;
				BUNDLE_LOADER = "$(TEST_HOST)";
				CODE_SIGN_STYLE = Automatic;
				DEVELOPMENT_TEAM = SM94AGM8Y6;
				INFOPLIST_FILE = PPSTests/Info.plist;
				LD_RUNPATH_SEARCH_PATHS = (
					"$(inherited)",
					"@executable_path/Frameworks",
					"@loader_path/Frameworks",
				);
				PRODUCT_BUNDLE_IDENTIFIER = com.joshuaren.PPSTests;
				PRODUCT_NAME = "$(TARGET_NAME)";
				SWIFT_VERSION = 5.0;
				TARGETED_DEVICE_FAMILY = "1,2";
				TEST_HOST = "$(BUILT_PRODUCTS_DIR)/PPS.app/PPS";
			};
			name = Release;
		};
		2B57CA1422FB78020052D3C4 /* Debug */ = {
			isa = XCBuildConfiguration;
			baseConfigurationReference = 56CC94D2F836DDE7E2CC6118 /* Pods-PPSUITests.debug.xcconfig */;
			buildSettings = {
				ALWAYS_EMBED_SWIFT_STANDARD_LIBRARIES = YES;
				CODE_SIGN_STYLE = Automatic;
				DEVELOPMENT_TEAM = SM94AGM8Y6;
				INFOPLIST_FILE = PPSUITests/Info.plist;
				LD_RUNPATH_SEARCH_PATHS = (
					"$(inherited)",
					"@executable_path/Frameworks",
					"@loader_path/Frameworks",
				);
				PRODUCT_BUNDLE_IDENTIFIER = com.joshuaren.PPSUITests;
				PRODUCT_NAME = "$(TARGET_NAME)";
				SWIFT_VERSION = 5.0;
				TARGETED_DEVICE_FAMILY = "1,2";
				TEST_TARGET_NAME = PPS;
			};
			name = Debug;
		};
		2B57CA1522FB78020052D3C4 /* Release */ = {
			isa = XCBuildConfiguration;
			baseConfigurationReference = 34DABF69D575EC272BBB86CA /* Pods-PPSUITests.release.xcconfig */;
			buildSettings = {
				ALWAYS_EMBED_SWIFT_STANDARD_LIBRARIES = YES;
				CODE_SIGN_STYLE = Automatic;
				DEVELOPMENT_TEAM = SM94AGM8Y6;
				INFOPLIST_FILE = PPSUITests/Info.plist;
				LD_RUNPATH_SEARCH_PATHS = (
					"$(inherited)",
					"@executable_path/Frameworks",
					"@loader_path/Frameworks",
				);
				PRODUCT_BUNDLE_IDENTIFIER = com.joshuaren.PPSUITests;
				PRODUCT_NAME = "$(TARGET_NAME)";
				SWIFT_VERSION = 5.0;
				TARGETED_DEVICE_FAMILY = "1,2";
				TEST_TARGET_NAME = PPS;
			};
			name = Release;
		};
/* End XCBuildConfiguration section */

/* Begin XCConfigurationList section */
		2B57C9E022FB77FE0052D3C4 /* Build configuration list for PBXProject "PPS" */ = {
			isa = XCConfigurationList;
			buildConfigurations = (
				2B57CA0B22FB78020052D3C4 /* Debug */,
				2B57CA0C22FB78020052D3C4 /* Release */,
			);
			defaultConfigurationIsVisible = 0;
			defaultConfigurationName = Release;
		};
		2B57CA0D22FB78020052D3C4 /* Build configuration list for PBXNativeTarget "PPS" */ = {
			isa = XCConfigurationList;
			buildConfigurations = (
				2B57CA0E22FB78020052D3C4 /* Debug */,
				2B57CA0F22FB78020052D3C4 /* Release */,
			);
			defaultConfigurationIsVisible = 0;
			defaultConfigurationName = Release;
		};
		2B57CA1022FB78020052D3C4 /* Build configuration list for PBXNativeTarget "PPSTests" */ = {
			isa = XCConfigurationList;
			buildConfigurations = (
				2B57CA1122FB78020052D3C4 /* Debug */,
				2B57CA1222FB78020052D3C4 /* Release */,
			);
			defaultConfigurationIsVisible = 0;
			defaultConfigurationName = Release;
		};
		2B57CA1322FB78020052D3C4 /* Build configuration list for PBXNativeTarget "PPSUITests" */ = {
			isa = XCConfigurationList;
			buildConfigurations = (
				2B57CA1422FB78020052D3C4 /* Debug */,
				2B57CA1522FB78020052D3C4 /* Release */,
			);
			defaultConfigurationIsVisible = 0;
			defaultConfigurationName = Release;
		};
/* End XCConfigurationList section */
	};
	rootObject = 2B57C9DD22FB77FE0052D3C4 /* Project object */;
}
