// !$*UTF8*$!
{
	archiveVersion = 1;
	classes = {
	};
	objectVersion = 51;
	objects = {

/* Begin PBXBuildFile section */
		2B57CA3822FB7D9A0052D3C4 /* AppDelegate.swift in Sources */ = {isa = PBXBuildFile; fileRef = 2B57CA3722FB7D9A0052D3C4 /* AppDelegate.swift */; };
		2B57CA3A22FB7D9A0052D3C4 /* ViewController.swift in Sources */ = {isa = PBXBuildFile; fileRef = 2B57CA3922FB7D9A0052D3C4 /* ViewController.swift */; };
		2B57CA3D22FB7D9A0052D3C4 /* Main.storyboard in Resources */ = {isa = PBXBuildFile; fileRef = 2B57CA3B22FB7D9A0052D3C4 /* Main.storyboard */; };
		2B57CA3F22FB7D9B0052D3C4 /* Assets.xcassets in Resources */ = {isa = PBXBuildFile; fileRef = 2B57CA3E22FB7D9B0052D3C4 /* Assets.xcassets */; };
		2B57CA4222FB7D9B0052D3C4 /* LaunchScreen.storyboard in Resources */ = {isa = PBXBuildFile; fileRef = 2B57CA4022FB7D9B0052D3C4 /* LaunchScreen.storyboard */; };
		2B57CA4D22FB7D9B0052D3C4 /* PPS_DataTests.swift in Sources */ = {isa = PBXBuildFile; fileRef = 2B57CA4C22FB7D9B0052D3C4 /* PPS_DataTests.swift */; };
		2B57CA5822FB7D9B0052D3C4 /* PPS_DataUITests.swift in Sources */ = {isa = PBXBuildFile; fileRef = 2B57CA5722FB7D9B0052D3C4 /* PPS_DataUITests.swift */; };
		2B57CA6622FB888C0052D3C4 /* HealthKit.framework in Frameworks */ = {isa = PBXBuildFile; fileRef = 2B57CA6522FB888C0052D3C4 /* HealthKit.framework */; };
		864F6D2BF780F9A3FE52D653 /* Pods_PPS_DataUITests.framework in Frameworks */ = {isa = PBXBuildFile; fileRef = 282774F74D384DF553C7E246 /* Pods_PPS_DataUITests.framework */; };
		C904C756189A3C586708CD48 /* Pods_PPS_DataTests.framework in Frameworks */ = {isa = PBXBuildFile; fileRef = D9EC2D6A897265D98886CD78 /* Pods_PPS_DataTests.framework */; };
		ECAE7857261A1C12DF4F284F /* Pods_PPS_Data.framework in Frameworks */ = {isa = PBXBuildFile; fileRef = 79DF0A54F0951DD2A268DCA9 /* Pods_PPS_Data.framework */; };
/* End PBXBuildFile section */

/* Begin PBXContainerItemProxy section */
		2B57CA4922FB7D9B0052D3C4 /* PBXContainerItemProxy */ = {
			isa = PBXContainerItemProxy;
			containerPortal = 2B57CA2C22FB7D9A0052D3C4 /* Project object */;
			proxyType = 1;
			remoteGlobalIDString = 2B57CA3322FB7D9A0052D3C4;
			remoteInfo = "PPS-Data";
		};
		2B57CA5422FB7D9B0052D3C4 /* PBXContainerItemProxy */ = {
			isa = PBXContainerItemProxy;
			containerPortal = 2B57CA2C22FB7D9A0052D3C4 /* Project object */;
			proxyType = 1;
			remoteGlobalIDString = 2B57CA3322FB7D9A0052D3C4;
			remoteInfo = "PPS-Data";
		};
/* End PBXContainerItemProxy section */

/* Begin PBXFileReference section */
		0B3BD8BD5066EF15EBAAE94F /* Pods-PPS-Data.release.xcconfig */ = {isa = PBXFileReference; includeInIndex = 1; lastKnownFileType = text.xcconfig; name = "Pods-PPS-Data.release.xcconfig"; path = "Target Support Files/Pods-PPS-Data/Pods-PPS-Data.release.xcconfig"; sourceTree = "<group>"; };
		12672C51C7A57B5632C86641 /* Pods-PPS-DataUITests.release.xcconfig */ = {isa = PBXFileReference; includeInIndex = 1; lastKnownFileType = text.xcconfig; name = "Pods-PPS-DataUITests.release.xcconfig"; path = "Target Support Files/Pods-PPS-DataUITests/Pods-PPS-DataUITests.release.xcconfig"; sourceTree = "<group>"; };
		282774F74D384DF553C7E246 /* Pods_PPS_DataUITests.framework */ = {isa = PBXFileReference; explicitFileType = wrapper.framework; includeInIndex = 0; path = Pods_PPS_DataUITests.framework; sourceTree = BUILT_PRODUCTS_DIR; };
		2B57CA3422FB7D9A0052D3C4 /* PPS-Data.app */ = {isa = PBXFileReference; explicitFileType = wrapper.application; includeInIndex = 0; path = "PPS-Data.app"; sourceTree = BUILT_PRODUCTS_DIR; };
		2B57CA3722FB7D9A0052D3C4 /* AppDelegate.swift */ = {isa = PBXFileReference; lastKnownFileType = sourcecode.swift; path = AppDelegate.swift; sourceTree = "<group>"; };
		2B57CA3922FB7D9A0052D3C4 /* ViewController.swift */ = {isa = PBXFileReference; lastKnownFileType = sourcecode.swift; path = ViewController.swift; sourceTree = "<group>"; };
		2B57CA3C22FB7D9A0052D3C4 /* Base */ = {isa = PBXFileReference; lastKnownFileType = file.storyboard; name = Base; path = Base.lproj/Main.storyboard; sourceTree = "<group>"; };
		2B57CA3E22FB7D9B0052D3C4 /* Assets.xcassets */ = {isa = PBXFileReference; lastKnownFileType = folder.assetcatalog; path = Assets.xcassets; sourceTree = "<group>"; };
		2B57CA4122FB7D9B0052D3C4 /* Base */ = {isa = PBXFileReference; lastKnownFileType = file.storyboard; name = Base; path = Base.lproj/LaunchScreen.storyboard; sourceTree = "<group>"; };
		2B57CA4322FB7D9B0052D3C4 /* Info.plist */ = {isa = PBXFileReference; lastKnownFileType = text.plist.xml; path = Info.plist; sourceTree = "<group>"; };
		2B57CA4822FB7D9B0052D3C4 /* PPS-DataTests.xctest */ = {isa = PBXFileReference; explicitFileType = wrapper.cfbundle; includeInIndex = 0; path = "PPS-DataTests.xctest"; sourceTree = BUILT_PRODUCTS_DIR; };
		2B57CA4C22FB7D9B0052D3C4 /* PPS_DataTests.swift */ = {isa = PBXFileReference; lastKnownFileType = sourcecode.swift; path = PPS_DataTests.swift; sourceTree = "<group>"; };
		2B57CA4E22FB7D9B0052D3C4 /* Info.plist */ = {isa = PBXFileReference; lastKnownFileType = text.plist.xml; path = Info.plist; sourceTree = "<group>"; };
		2B57CA5322FB7D9B0052D3C4 /* PPS-DataUITests.xctest */ = {isa = PBXFileReference; explicitFileType = wrapper.cfbundle; includeInIndex = 0; path = "PPS-DataUITests.xctest"; sourceTree = BUILT_PRODUCTS_DIR; };
		2B57CA5722FB7D9B0052D3C4 /* PPS_DataUITests.swift */ = {isa = PBXFileReference; lastKnownFileType = sourcecode.swift; path = PPS_DataUITests.swift; sourceTree = "<group>"; };
		2B57CA5922FB7D9B0052D3C4 /* Info.plist */ = {isa = PBXFileReference; lastKnownFileType = text.plist.xml; path = Info.plist; sourceTree = "<group>"; };
		2B57CA6522FB888C0052D3C4 /* HealthKit.framework */ = {isa = PBXFileReference; lastKnownFileType = wrapper.framework; name = HealthKit.framework; path = System/Library/Frameworks/HealthKit.framework; sourceTree = SDKROOT; };
		2B57CA6722FB888C0052D3C4 /* PPS-Data.entitlements */ = {isa = PBXFileReference; lastKnownFileType = text.plist.entitlements; path = "PPS-Data.entitlements"; sourceTree = "<group>"; };
		3A7526D9546F992E700BB1EB /* Pods-PPS-DataTests.release.xcconfig */ = {isa = PBXFileReference; includeInIndex = 1; lastKnownFileType = text.xcconfig; name = "Pods-PPS-DataTests.release.xcconfig"; path = "Target Support Files/Pods-PPS-DataTests/Pods-PPS-DataTests.release.xcconfig"; sourceTree = "<group>"; };
		3D71773D76199F611F877203 /* Pods-PPS-DataUITests.debug.xcconfig */ = {isa = PBXFileReference; includeInIndex = 1; lastKnownFileType = text.xcconfig; name = "Pods-PPS-DataUITests.debug.xcconfig"; path = "Target Support Files/Pods-PPS-DataUITests/Pods-PPS-DataUITests.debug.xcconfig"; sourceTree = "<group>"; };
		79DF0A54F0951DD2A268DCA9 /* Pods_PPS_Data.framework */ = {isa = PBXFileReference; explicitFileType = wrapper.framework; includeInIndex = 0; path = Pods_PPS_Data.framework; sourceTree = BUILT_PRODUCTS_DIR; };
		A2B6DB0E8DA1458E940B951A /* Pods-PPS-DataTests.debug.xcconfig */ = {isa = PBXFileReference; includeInIndex = 1; lastKnownFileType = text.xcconfig; name = "Pods-PPS-DataTests.debug.xcconfig"; path = "Target Support Files/Pods-PPS-DataTests/Pods-PPS-DataTests.debug.xcconfig"; sourceTree = "<group>"; };
		D9EC2D6A897265D98886CD78 /* Pods_PPS_DataTests.framework */ = {isa = PBXFileReference; explicitFileType = wrapper.framework; includeInIndex = 0; path = Pods_PPS_DataTests.framework; sourceTree = BUILT_PRODUCTS_DIR; };
		E3CA380BE437C946BCE67413 /* Pods-PPS-Data.debug.xcconfig */ = {isa = PBXFileReference; includeInIndex = 1; lastKnownFileType = text.xcconfig; name = "Pods-PPS-Data.debug.xcconfig"; path = "Target Support Files/Pods-PPS-Data/Pods-PPS-Data.debug.xcconfig"; sourceTree = "<group>"; };
/* End PBXFileReference section */

/* Begin PBXFrameworksBuildPhase section */
		2B57CA3122FB7D9A0052D3C4 /* Frameworks */ = {
			isa = PBXFrameworksBuildPhase;
			buildActionMask = 2147483647;
			files = (
				ECAE7857261A1C12DF4F284F /* Pods_PPS_Data.framework in Frameworks */,
				2B57CA6622FB888C0052D3C4 /* HealthKit.framework in Frameworks */,
			);
			runOnlyForDeploymentPostprocessing = 0;
		};
		2B57CA4522FB7D9B0052D3C4 /* Frameworks */ = {
			isa = PBXFrameworksBuildPhase;
			buildActionMask = 2147483647;
			files = (
				C904C756189A3C586708CD48 /* Pods_PPS_DataTests.framework in Frameworks */,
			);
			runOnlyForDeploymentPostprocessing = 0;
		};
		2B57CA5022FB7D9B0052D3C4 /* Frameworks */ = {
			isa = PBXFrameworksBuildPhase;
			buildActionMask = 2147483647;
			files = (
				864F6D2BF780F9A3FE52D653 /* Pods_PPS_DataUITests.framework in Frameworks */,
			);
			runOnlyForDeploymentPostprocessing = 0;
		};
/* End PBXFrameworksBuildPhase section */

/* Begin PBXGroup section */
		2B57CA2B22FB7D9A0052D3C4 = {
			isa = PBXGroup;
			children = (
				2B57CA3622FB7D9A0052D3C4 /* PPS-Data */,
				2B57CA4B22FB7D9B0052D3C4 /* PPS-DataTests */,
				2B57CA5622FB7D9B0052D3C4 /* PPS-DataUITests */,
				2B57CA3522FB7D9A0052D3C4 /* Products */,
				CF392A991A4D60FACFA5BCC8 /* Pods */,
				AEFC8628F4D505C575D3A182 /* Frameworks */,
			);
			sourceTree = "<group>";
		};
		2B57CA3522FB7D9A0052D3C4 /* Products */ = {
			isa = PBXGroup;
			children = (
				2B57CA3422FB7D9A0052D3C4 /* PPS-Data.app */,
				2B57CA4822FB7D9B0052D3C4 /* PPS-DataTests.xctest */,
				2B57CA5322FB7D9B0052D3C4 /* PPS-DataUITests.xctest */,
			);
			name = Products;
			sourceTree = "<group>";
		};
		2B57CA3622FB7D9A0052D3C4 /* PPS-Data */ = {
			isa = PBXGroup;
			children = (
				2B57CA6722FB888C0052D3C4 /* PPS-Data.entitlements */,
				2B57CA3722FB7D9A0052D3C4 /* AppDelegate.swift */,
				2B57CA3922FB7D9A0052D3C4 /* ViewController.swift */,
				2B57CA3B22FB7D9A0052D3C4 /* Main.storyboard */,
				2B57CA3E22FB7D9B0052D3C4 /* Assets.xcassets */,
				2B57CA4022FB7D9B0052D3C4 /* LaunchScreen.storyboard */,
				2B57CA4322FB7D9B0052D3C4 /* Info.plist */,
			);
			path = "PPS-Data";
			sourceTree = "<group>";
		};
		2B57CA4B22FB7D9B0052D3C4 /* PPS-DataTests */ = {
			isa = PBXGroup;
			children = (
				2B57CA4C22FB7D9B0052D3C4 /* PPS_DataTests.swift */,
				2B57CA4E22FB7D9B0052D3C4 /* Info.plist */,
			);
			path = "PPS-DataTests";
			sourceTree = "<group>";
		};
		2B57CA5622FB7D9B0052D3C4 /* PPS-DataUITests */ = {
			isa = PBXGroup;
			children = (
				2B57CA5722FB7D9B0052D3C4 /* PPS_DataUITests.swift */,
				2B57CA5922FB7D9B0052D3C4 /* Info.plist */,
			);
			path = "PPS-DataUITests";
			sourceTree = "<group>";
		};
		AEFC8628F4D505C575D3A182 /* Frameworks */ = {
			isa = PBXGroup;
			children = (
				2B57CA6522FB888C0052D3C4 /* HealthKit.framework */,
				79DF0A54F0951DD2A268DCA9 /* Pods_PPS_Data.framework */,
				D9EC2D6A897265D98886CD78 /* Pods_PPS_DataTests.framework */,
				282774F74D384DF553C7E246 /* Pods_PPS_DataUITests.framework */,
			);
			name = Frameworks;
			sourceTree = "<group>";
		};
		CF392A991A4D60FACFA5BCC8 /* Pods */ = {
			isa = PBXGroup;
			children = (
				E3CA380BE437C946BCE67413 /* Pods-PPS-Data.debug.xcconfig */,
				0B3BD8BD5066EF15EBAAE94F /* Pods-PPS-Data.release.xcconfig */,
				A2B6DB0E8DA1458E940B951A /* Pods-PPS-DataTests.debug.xcconfig */,
				3A7526D9546F992E700BB1EB /* Pods-PPS-DataTests.release.xcconfig */,
				3D71773D76199F611F877203 /* Pods-PPS-DataUITests.debug.xcconfig */,
				12672C51C7A57B5632C86641 /* Pods-PPS-DataUITests.release.xcconfig */,
			);
			path = Pods;
			sourceTree = "<group>";
		};
/* End PBXGroup section */

/* Begin PBXNativeTarget section */
		2B57CA3322FB7D9A0052D3C4 /* PPS-Data */ = {
			isa = PBXNativeTarget;
			buildConfigurationList = 2B57CA5C22FB7D9B0052D3C4 /* Build configuration list for PBXNativeTarget "PPS-Data" */;
			buildPhases = (
				D2749FED5C93D40CEE38024D /* [CP] Check Pods Manifest.lock */,
				2B57CA3022FB7D9A0052D3C4 /* Sources */,
				2B57CA3122FB7D9A0052D3C4 /* Frameworks */,
				2B57CA3222FB7D9A0052D3C4 /* Resources */,
				772984CB6047E0DF8010E6D1 /* [CP] Embed Pods Frameworks */,
			);
			buildRules = (
			);
			dependencies = (
			);
			name = "PPS-Data";
			productName = "PPS-Data";
			productReference = 2B57CA3422FB7D9A0052D3C4 /* PPS-Data.app */;
			productType = "com.apple.product-type.application";
		};
		2B57CA4722FB7D9B0052D3C4 /* PPS-DataTests */ = {
			isa = PBXNativeTarget;
			buildConfigurationList = 2B57CA5F22FB7D9B0052D3C4 /* Build configuration list for PBXNativeTarget "PPS-DataTests" */;
			buildPhases = (
				16B3D5DBE457B844C11E3236 /* [CP] Check Pods Manifest.lock */,
				2B57CA4422FB7D9B0052D3C4 /* Sources */,
				2B57CA4522FB7D9B0052D3C4 /* Frameworks */,
				2B57CA4622FB7D9B0052D3C4 /* Resources */,
			);
			buildRules = (
			);
			dependencies = (
				2B57CA4A22FB7D9B0052D3C4 /* PBXTargetDependency */,
			);
			name = "PPS-DataTests";
			productName = "PPS-DataTests";
			productReference = 2B57CA4822FB7D9B0052D3C4 /* PPS-DataTests.xctest */;
			productType = "com.apple.product-type.bundle.unit-test";
		};
		2B57CA5222FB7D9B0052D3C4 /* PPS-DataUITests */ = {
			isa = PBXNativeTarget;
			buildConfigurationList = 2B57CA6222FB7D9B0052D3C4 /* Build configuration list for PBXNativeTarget "PPS-DataUITests" */;
			buildPhases = (
				DD31D07064B83B3A43815F1A /* [CP] Check Pods Manifest.lock */,
				2B57CA4F22FB7D9B0052D3C4 /* Sources */,
				2B57CA5022FB7D9B0052D3C4 /* Frameworks */,
				2B57CA5122FB7D9B0052D3C4 /* Resources */,
			);
			buildRules = (
			);
			dependencies = (
				2B57CA5522FB7D9B0052D3C4 /* PBXTargetDependency */,
			);
			name = "PPS-DataUITests";
			productName = "PPS-DataUITests";
			productReference = 2B57CA5322FB7D9B0052D3C4 /* PPS-DataUITests.xctest */;
			productType = "com.apple.product-type.bundle.ui-testing";
		};
/* End PBXNativeTarget section */

/* Begin PBXProject section */
		2B57CA2C22FB7D9A0052D3C4 /* Project object */ = {
			isa = PBXProject;
			attributes = {
				LastSwiftUpdateCheck = 1030;
				LastUpgradeCheck = 1030;
				ORGANIZATIONNAME = "Joshua Ren";
				TargetAttributes = {
					2B57CA3322FB7D9A0052D3C4 = {
						CreatedOnToolsVersion = 10.3;
						SystemCapabilities = {
							com.apple.BackgroundModes = {
								enabled = 1;
							};
							com.apple.HealthKit = {
								enabled = 1;
							};
							com.apple.Push = {
								enabled = 1;
							};
						};
					};
					2B57CA4722FB7D9B0052D3C4 = {
						CreatedOnToolsVersion = 10.3;
						TestTargetID = 2B57CA3322FB7D9A0052D3C4;
					};
					2B57CA5222FB7D9B0052D3C4 = {
						CreatedOnToolsVersion = 10.3;
						TestTargetID = 2B57CA3322FB7D9A0052D3C4;
					};
				};
			};
			buildConfigurationList = 2B57CA2F22FB7D9A0052D3C4 /* Build configuration list for PBXProject "PPS-Data" */;
			compatibilityVersion = "Xcode 9.3";
			developmentRegion = en;
			hasScannedForEncodings = 0;
			knownRegions = (
				en,
				Base,
			);
			mainGroup = 2B57CA2B22FB7D9A0052D3C4;
			productRefGroup = 2B57CA3522FB7D9A0052D3C4 /* Products */;
			projectDirPath = "";
			projectRoot = "";
			targets = (
				2B57CA3322FB7D9A0052D3C4 /* PPS-Data */,
				2B57CA4722FB7D9B0052D3C4 /* PPS-DataTests */,
				2B57CA5222FB7D9B0052D3C4 /* PPS-DataUITests */,
			);
		};
/* End PBXProject section */

/* Begin PBXResourcesBuildPhase section */
		2B57CA3222FB7D9A0052D3C4 /* Resources */ = {
			isa = PBXResourcesBuildPhase;
			buildActionMask = 2147483647;
			files = (
				2B57CA4222FB7D9B0052D3C4 /* LaunchScreen.storyboard in Resources */,
				2B57CA3F22FB7D9B0052D3C4 /* Assets.xcassets in Resources */,
				2B57CA3D22FB7D9A0052D3C4 /* Main.storyboard in Resources */,
			);
			runOnlyForDeploymentPostprocessing = 0;
		};
		2B57CA4622FB7D9B0052D3C4 /* Resources */ = {
			isa = PBXResourcesBuildPhase;
			buildActionMask = 2147483647;
			files = (
			);
			runOnlyForDeploymentPostprocessing = 0;
		};
		2B57CA5122FB7D9B0052D3C4 /* Resources */ = {
			isa = PBXResourcesBuildPhase;
			buildActionMask = 2147483647;
			files = (
			);
			runOnlyForDeploymentPostprocessing = 0;
		};
/* End PBXResourcesBuildPhase section */

/* Begin PBXShellScriptBuildPhase section */
		16B3D5DBE457B844C11E3236 /* [CP] Check Pods Manifest.lock */ = {
			isa = PBXShellScriptBuildPhase;
			buildActionMask = 2147483647;
			files = (
			);
			inputFileListPaths = (
			);
			inputPaths = (
				"${PODS_PODFILE_DIR_PATH}/Podfile.lock",
				"${PODS_ROOT}/Manifest.lock",
			);
			name = "[CP] Check Pods Manifest.lock";
			outputFileListPaths = (
			);
			outputPaths = (
				"$(DERIVED_FILE_DIR)/Pods-PPS-DataTests-checkManifestLockResult.txt",
			);
			runOnlyForDeploymentPostprocessing = 0;
			shellPath = /bin/sh;
			shellScript = "diff \"${PODS_PODFILE_DIR_PATH}/Podfile.lock\" \"${PODS_ROOT}/Manifest.lock\" > /dev/null\nif [ $? != 0 ] ; then\n    # print error to STDERR\n    echo \"error: The sandbox is not in sync with the Podfile.lock. Run 'pod install' or update your CocoaPods installation.\" >&2\n    exit 1\nfi\n# This output is used by Xcode 'outputs' to avoid re-running this script phase.\necho \"SUCCESS\" > \"${SCRIPT_OUTPUT_FILE_0}\"\n";
			showEnvVarsInLog = 0;
		};
		772984CB6047E0DF8010E6D1 /* [CP] Embed Pods Frameworks */ = {
			isa = PBXShellScriptBuildPhase;
			buildActionMask = 2147483647;
			files = (
			);
			inputFileListPaths = (
				"${PODS_ROOT}/Target Support Files/Pods-PPS-Data/Pods-PPS-Data-frameworks-${CONFIGURATION}-input-files.xcfilelist",
			);
			name = "[CP] Embed Pods Frameworks";
			outputFileListPaths = (
				"${PODS_ROOT}/Target Support Files/Pods-PPS-Data/Pods-PPS-Data-frameworks-${CONFIGURATION}-output-files.xcfilelist",
			);
			runOnlyForDeploymentPostprocessing = 0;
			shellPath = /bin/sh;
			shellScript = "\"${PODS_ROOT}/Target Support Files/Pods-PPS-Data/Pods-PPS-Data-frameworks.sh\"\n";
			showEnvVarsInLog = 0;
		};
		D2749FED5C93D40CEE38024D /* [CP] Check Pods Manifest.lock */ = {
			isa = PBXShellScriptBuildPhase;
			buildActionMask = 2147483647;
			files = (
			);
			inputFileListPaths = (
			);
			inputPaths = (
				"${PODS_PODFILE_DIR_PATH}/Podfile.lock",
				"${PODS_ROOT}/Manifest.lock",
			);
			name = "[CP] Check Pods Manifest.lock";
			outputFileListPaths = (
			);
			outputPaths = (
				"$(DERIVED_FILE_DIR)/Pods-PPS-Data-checkManifestLockResult.txt",
			);
			runOnlyForDeploymentPostprocessing = 0;
			shellPath = /bin/sh;
			shellScript = "diff \"${PODS_PODFILE_DIR_PATH}/Podfile.lock\" \"${PODS_ROOT}/Manifest.lock\" > /dev/null\nif [ $? != 0 ] ; then\n    # print error to STDERR\n    echo \"error: The sandbox is not in sync with the Podfile.lock. Run 'pod install' or update your CocoaPods installation.\" >&2\n    exit 1\nfi\n# This output is used by Xcode 'outputs' to avoid re-running this script phase.\necho \"SUCCESS\" > \"${SCRIPT_OUTPUT_FILE_0}\"\n";
			showEnvVarsInLog = 0;
		};
		DD31D07064B83B3A43815F1A /* [CP] Check Pods Manifest.lock */ = {
			isa = PBXShellScriptBuildPhase;
			buildActionMask = 2147483647;
			files = (
			);
			inputFileListPaths = (
			);
			inputPaths = (
				"${PODS_PODFILE_DIR_PATH}/Podfile.lock",
				"${PODS_ROOT}/Manifest.lock",
			);
			name = "[CP] Check Pods Manifest.lock";
			outputFileListPaths = (
			);
			outputPaths = (
				"$(DERIVED_FILE_DIR)/Pods-PPS-DataUITests-checkManifestLockResult.txt",
			);
			runOnlyForDeploymentPostprocessing = 0;
			shellPath = /bin/sh;
			shellScript = "diff \"${PODS_PODFILE_DIR_PATH}/Podfile.lock\" \"${PODS_ROOT}/Manifest.lock\" > /dev/null\nif [ $? != 0 ] ; then\n    # print error to STDERR\n    echo \"error: The sandbox is not in sync with the Podfile.lock. Run 'pod install' or update your CocoaPods installation.\" >&2\n    exit 1\nfi\n# This output is used by Xcode 'outputs' to avoid re-running this script phase.\necho \"SUCCESS\" > \"${SCRIPT_OUTPUT_FILE_0}\"\n";
			showEnvVarsInLog = 0;
		};
/* End PBXShellScriptBuildPhase section */

/* Begin PBXSourcesBuildPhase section */
		2B57CA3022FB7D9A0052D3C4 /* Sources */ = {
			isa = PBXSourcesBuildPhase;
			buildActionMask = 2147483647;
			files = (
				2B57CA3A22FB7D9A0052D3C4 /* ViewController.swift in Sources */,
				2B57CA3822FB7D9A0052D3C4 /* AppDelegate.swift in Sources */,
			);
			runOnlyForDeploymentPostprocessing = 0;
		};
		2B57CA4422FB7D9B0052D3C4 /* Sources */ = {
			isa = PBXSourcesBuildPhase;
			buildActionMask = 2147483647;
			files = (
				2B57CA4D22FB7D9B0052D3C4 /* PPS_DataTests.swift in Sources */,
			);
			runOnlyForDeploymentPostprocessing = 0;
		};
		2B57CA4F22FB7D9B0052D3C4 /* Sources */ = {
			isa = PBXSourcesBuildPhase;
			buildActionMask = 2147483647;
			files = (
				2B57CA5822FB7D9B0052D3C4 /* PPS_DataUITests.swift in Sources */,
			);
			runOnlyForDeploymentPostprocessing = 0;
		};
/* End PBXSourcesBuildPhase section */

/* Begin PBXTargetDependency section */
		2B57CA4A22FB7D9B0052D3C4 /* PBXTargetDependency */ = {
			isa = PBXTargetDependency;
			target = 2B57CA3322FB7D9A0052D3C4 /* PPS-Data */;
			targetProxy = 2B57CA4922FB7D9B0052D3C4 /* PBXContainerItemProxy */;
		};
		2B57CA5522FB7D9B0052D3C4 /* PBXTargetDependency */ = {
			isa = PBXTargetDependency;
			target = 2B57CA3322FB7D9A0052D3C4 /* PPS-Data */;
			targetProxy = 2B57CA5422FB7D9B0052D3C4 /* PBXContainerItemProxy */;
		};
/* End PBXTargetDependency section */

/* Begin PBXVariantGroup section */
		2B57CA3B22FB7D9A0052D3C4 /* Main.storyboard */ = {
			isa = PBXVariantGroup;
			children = (
				2B57CA3C22FB7D9A0052D3C4 /* Base */,
			);
			name = Main.storyboard;
			sourceTree = "<group>";
		};
		2B57CA4022FB7D9B0052D3C4 /* LaunchScreen.storyboard */ = {
			isa = PBXVariantGroup;
			children = (
				2B57CA4122FB7D9B0052D3C4 /* Base */,
			);
			name = LaunchScreen.storyboard;
			sourceTree = "<group>";
		};
/* End PBXVariantGroup section */

/* Begin XCBuildConfiguration section */
		2B57CA5A22FB7D9B0052D3C4 /* Debug */ = {
			isa = XCBuildConfiguration;
			buildSettings = {
				ALWAYS_SEARCH_USER_PATHS = NO;
				CLANG_ANALYZER_NONNULL = YES;
				CLANG_ANALYZER_NUMBER_OBJECT_CONVERSION = YES_AGGRESSIVE;
				CLANG_CXX_LANGUAGE_STANDARD = "gnu++14";
				CLANG_CXX_LIBRARY = "libc++";
				CLANG_ENABLE_MODULES = YES;
				CLANG_ENABLE_OBJC_ARC = YES;
				CLANG_ENABLE_OBJC_WEAK = YES;
				CLANG_WARN_BLOCK_CAPTURE_AUTORELEASING = YES;
				CLANG_WARN_BOOL_CONVERSION = YES;
				CLANG_WARN_COMMA = YES;
				CLANG_WARN_CONSTANT_CONVERSION = YES;
				CLANG_WARN_DEPRECATED_OBJC_IMPLEMENTATIONS = YES;
				CLANG_WARN_DIRECT_OBJC_ISA_USAGE = YES_ERROR;
				CLANG_WARN_DOCUMENTATION_COMMENTS = YES;
				CLANG_WARN_EMPTY_BODY = YES;
				CLANG_WARN_ENUM_CONVERSION = YES;
				CLANG_WARN_INFINITE_RECURSION = YES;
				CLANG_WARN_INT_CONVERSION = YES;
				CLANG_WARN_NON_LITERAL_NULL_CONVERSION = YES;
				CLANG_WARN_OBJC_IMPLICIT_RETAIN_SELF = YES;
				CLANG_WARN_OBJC_LITERAL_CONVERSION = YES;
				CLANG_WARN_OBJC_ROOT_CLASS = YES_ERROR;
				CLANG_WARN_RANGE_LOOP_ANALYSIS = YES;
				CLANG_WARN_STRICT_PROTOTYPES = YES;
				CLANG_WARN_SUSPICIOUS_MOVE = YES;
				CLANG_WARN_UNGUARDED_AVAILABILITY = YES_AGGRESSIVE;
				CLANG_WARN_UNREACHABLE_CODE = YES;
				CLANG_WARN__DUPLICATE_METHOD_MATCH = YES;
				CODE_SIGN_IDENTITY = "iPhone Developer";
				COPY_PHASE_STRIP = NO;
				DEBUG_INFORMATION_FORMAT = dwarf;
				ENABLE_STRICT_OBJC_MSGSEND = YES;
				ENABLE_TESTABILITY = YES;
				GCC_C_LANGUAGE_STANDARD = gnu11;
				GCC_DYNAMIC_NO_PIC = NO;
				GCC_NO_COMMON_BLOCKS = YES;
				GCC_OPTIMIZATION_LEVEL = 0;
				GCC_PREPROCESSOR_DEFINITIONS = (
					"DEBUG=1",
					"$(inherited)",
				);
				GCC_WARN_64_TO_32_BIT_CONVERSION = YES;
				GCC_WARN_ABOUT_RETURN_TYPE = YES_ERROR;
				GCC_WARN_UNDECLARED_SELECTOR = YES;
				GCC_WARN_UNINITIALIZED_AUTOS = YES_AGGRESSIVE;
				GCC_WARN_UNUSED_FUNCTION = YES;
				GCC_WARN_UNUSED_VARIABLE = YES;
				IPHONEOS_DEPLOYMENT_TARGET = 12.3;
				MTL_ENABLE_DEBUG_INFO = INCLUDE_SOURCE;
				MTL_FAST_MATH = YES;
				ONLY_ACTIVE_ARCH = YES;
				SDKROOT = iphoneos;
				SWIFT_ACTIVE_COMPILATION_CONDITIONS = DEBUG;
				SWIFT_OPTIMIZATION_LEVEL = "-Onone";
			};
			name = Debug;
		};
		2B57CA5B22FB7D9B0052D3C4 /* Release */ = {
			isa = XCBuildConfiguration;
			buildSettings = {
				ALWAYS_SEARCH_USER_PATHS = NO;
				CLANG_ANALYZER_NONNULL = YES;
				CLANG_ANALYZER_NUMBER_OBJECT_CONVERSION = YES_AGGRESSIVE;
				CLANG_CXX_LANGUAGE_STANDARD = "gnu++14";
				CLANG_CXX_LIBRARY = "libc++";
				CLANG_ENABLE_MODULES = YES;
				CLANG_ENABLE_OBJC_ARC = YES;
				CLANG_ENABLE_OBJC_WEAK = YES;
				CLANG_WARN_BLOCK_CAPTURE_AUTORELEASING = YES;
				CLANG_WARN_BOOL_CONVERSION = YES;
				CLANG_WARN_COMMA = YES;
				CLANG_WARN_CONSTANT_CONVERSION = YES;
				CLANG_WARN_DEPRECATED_OBJC_IMPLEMENTATIONS = YES;
				CLANG_WARN_DIRECT_OBJC_ISA_USAGE = YES_ERROR;
				CLANG_WARN_DOCUMENTATION_COMMENTS = YES;
				CLANG_WARN_EMPTY_BODY = YES;
				CLANG_WARN_ENUM_CONVERSION = YES;
				CLANG_WARN_INFINITE_RECURSION = YES;
				CLANG_WARN_INT_CONVERSION = YES;
				CLANG_WARN_NON_LITERAL_NULL_CONVERSION = YES;
				CLANG_WARN_OBJC_IMPLICIT_RETAIN_SELF = YES;
				CLANG_WARN_OBJC_LITERAL_CONVERSION = YES;
				CLANG_WARN_OBJC_ROOT_CLASS = YES_ERROR;
				CLANG_WARN_RANGE_LOOP_ANALYSIS = YES;
				CLANG_WARN_STRICT_PROTOTYPES = YES;
				CLANG_WARN_SUSPICIOUS_MOVE = YES;
				CLANG_WARN_UNGUARDED_AVAILABILITY = YES_AGGRESSIVE;
				CLANG_WARN_UNREACHABLE_CODE = YES;
				CLANG_WARN__DUPLICATE_METHOD_MATCH = YES;
				CODE_SIGN_IDENTITY = "iPhone Developer";
				COPY_PHASE_STRIP = NO;
				DEBUG_INFORMATION_FORMAT = "dwarf-with-dsym";
				ENABLE_NS_ASSERTIONS = NO;
				ENABLE_STRICT_OBJC_MSGSEND = YES;
				GCC_C_LANGUAGE_STANDARD = gnu11;
				GCC_NO_COMMON_BLOCKS = YES;
				GCC_WARN_64_TO_32_BIT_CONVERSION = YES;
				GCC_WARN_ABOUT_RETURN_TYPE = YES_ERROR;
				GCC_WARN_UNDECLARED_SELECTOR = YES;
				GCC_WARN_UNINITIALIZED_AUTOS = YES_AGGRESSIVE;
				GCC_WARN_UNUSED_FUNCTION = YES;
				GCC_WARN_UNUSED_VARIABLE = YES;
				IPHONEOS_DEPLOYMENT_TARGET = 12.3;
				MTL_ENABLE_DEBUG_INFO = NO;
				MTL_FAST_MATH = YES;
				SDKROOT = iphoneos;
				SWIFT_COMPILATION_MODE = wholemodule;
				SWIFT_OPTIMIZATION_LEVEL = "-O";
				VALIDATE_PRODUCT = YES;
			};
			name = Release;
		};
		2B57CA5D22FB7D9B0052D3C4 /* Debug */ = {
			isa = XCBuildConfiguration;
			baseConfigurationReference = E3CA380BE437C946BCE67413 /* Pods-PPS-Data.debug.xcconfig */;
			buildSettings = {
				ASSETCATALOG_COMPILER_APPICON_NAME = AppIcon;
				CODE_SIGN_ENTITLEMENTS = "PPS-Data/PPS-Data.entitlements";
				CODE_SIGN_STYLE = Automatic;
				DEVELOPMENT_TEAM = SM94AGM8Y6;
				INFOPLIST_FILE = "PPS-Data/Info.plist";
				LD_RUNPATH_SEARCH_PATHS = (
					"$(inherited)",
					"@executable_path/Frameworks",
				);
				PRODUCT_BUNDLE_IDENTIFIER = "com.joshuaren.PPS-Data";
				PRODUCT_NAME = "$(TARGET_NAME)";
				SWIFT_VERSION = 5.0;
				TARGETED_DEVICE_FAMILY = "1,2";
			};
			name = Debug;
		};
		2B57CA5E22FB7D9B0052D3C4 /* Release */ = {
			isa = XCBuildConfiguration;
			baseConfigurationReference = 0B3BD8BD5066EF15EBAAE94F /* Pods-PPS-Data.release.xcconfig */;
			buildSettings = {
				ASSETCATALOG_COMPILER_APPICON_NAME = AppIcon;
				CODE_SIGN_ENTITLEMENTS = "PPS-Data/PPS-Data.entitlements";
				CODE_SIGN_STYLE = Automatic;
				DEVELOPMENT_TEAM = SM94AGM8Y6;
				INFOPLIST_FILE = "PPS-Data/Info.plist";
				LD_RUNPATH_SEARCH_PATHS = (
					"$(inherited)",
					"@executable_path/Frameworks",
				);
				PRODUCT_BUNDLE_IDENTIFIER = "com.joshuaren.PPS-Data";
				PRODUCT_NAME = "$(TARGET_NAME)";
				SWIFT_VERSION = 5.0;
				TARGETED_DEVICE_FAMILY = "1,2";
			};
			name = Release;
		};
		2B57CA6022FB7D9B0052D3C4 /* Debug */ = {
			isa = XCBuildConfiguration;
			baseConfigurationReference = A2B6DB0E8DA1458E940B951A /* Pods-PPS-DataTests.debug.xcconfig */;
			buildSettings = {
				ALWAYS_EMBED_SWIFT_STANDARD_LIBRARIES = YES;
				BUNDLE_LOADER = "$(TEST_HOST)";
				CODE_SIGN_STYLE = Automatic;
				DEVELOPMENT_TEAM = SM94AGM8Y6;
				INFOPLIST_FILE = "PPS-DataTests/Info.plist";
				LD_RUNPATH_SEARCH_PATHS = (
					"$(inherited)",
					"@executable_path/Frameworks",
					"@loader_path/Frameworks",
				);
				PRODUCT_BUNDLE_IDENTIFIER = "com.joshuaren.PPS-DataTests";
				PRODUCT_NAME = "$(TARGET_NAME)";
				SWIFT_VERSION = 5.0;
				TARGETED_DEVICE_FAMILY = "1,2";
				TEST_HOST = "$(BUILT_PRODUCTS_DIR)/PPS-Data.app/PPS-Data";
			};
			name = Debug;
		};
		2B57CA6122FB7D9B0052D3C4 /* Release */ = {
			isa = XCBuildConfiguration;
			baseConfigurationReference = 3A7526D9546F992E700BB1EB /* Pods-PPS-DataTests.release.xcconfig */;
			buildSettings = {
				ALWAYS_EMBED_SWIFT_STANDARD_LIBRARIES = YES;
				BUNDLE_LOADER = "$(TEST_HOST)";
				CODE_SIGN_STYLE = Automatic;
				DEVELOPMENT_TEAM = SM94AGM8Y6;
				INFOPLIST_FILE = "PPS-DataTests/Info.plist";
				LD_RUNPATH_SEARCH_PATHS = (
					"$(inherited)",
					"@executable_path/Frameworks",
					"@loader_path/Frameworks",
				);
				PRODUCT_BUNDLE_IDENTIFIER = "com.joshuaren.PPS-DataTests";
				PRODUCT_NAME = "$(TARGET_NAME)";
				SWIFT_VERSION = 5.0;
				TARGETED_DEVICE_FAMILY = "1,2";
				TEST_HOST = "$(BUILT_PRODUCTS_DIR)/PPS-Data.app/PPS-Data";
			};
			name = Release;
		};
		2B57CA6322FB7D9B0052D3C4 /* Debug */ = {
			isa = XCBuildConfiguration;
			baseConfigurationReference = 3D71773D76199F611F877203 /* Pods-PPS-DataUITests.debug.xcconfig */;
			buildSettings = {
				ALWAYS_EMBED_SWIFT_STANDARD_LIBRARIES = YES;
				CODE_SIGN_STYLE = Automatic;
				DEVELOPMENT_TEAM = SM94AGM8Y6;
				INFOPLIST_FILE = "PPS-DataUITests/Info.plist";
				LD_RUNPATH_SEARCH_PATHS = (
					"$(inherited)",
					"@executable_path/Frameworks",
					"@loader_path/Frameworks",
				);
				PRODUCT_BUNDLE_IDENTIFIER = "com.joshuaren.PPS-DataUITests";
				PRODUCT_NAME = "$(TARGET_NAME)";
				SWIFT_VERSION = 5.0;
				TARGETED_DEVICE_FAMILY = "1,2";
				TEST_TARGET_NAME = "PPS-Data";
			};
			name = Debug;
		};
		2B57CA6422FB7D9B0052D3C4 /* Release */ = {
			isa = XCBuildConfiguration;
			baseConfigurationReference = 12672C51C7A57B5632C86641 /* Pods-PPS-DataUITests.release.xcconfig */;
			buildSettings = {
				ALWAYS_EMBED_SWIFT_STANDARD_LIBRARIES = YES;
				CODE_SIGN_STYLE = Automatic;
				DEVELOPMENT_TEAM = SM94AGM8Y6;
				INFOPLIST_FILE = "PPS-DataUITests/Info.plist";
				LD_RUNPATH_SEARCH_PATHS = (
					"$(inherited)",
					"@executable_path/Frameworks",
					"@loader_path/Frameworks",
				);
				PRODUCT_BUNDLE_IDENTIFIER = "com.joshuaren.PPS-DataUITests";
				PRODUCT_NAME = "$(TARGET_NAME)";
				SWIFT_VERSION = 5.0;
				TARGETED_DEVICE_FAMILY = "1,2";
				TEST_TARGET_NAME = "PPS-Data";
			};
			name = Release;
		};
/* End XCBuildConfiguration section */

/* Begin XCConfigurationList section */
		2B57CA2F22FB7D9A0052D3C4 /* Build configuration list for PBXProject "PPS-Data" */ = {
			isa = XCConfigurationList;
			buildConfigurations = (
				2B57CA5A22FB7D9B0052D3C4 /* Debug */,
				2B57CA5B22FB7D9B0052D3C4 /* Release */,
			);
			defaultConfigurationIsVisible = 0;
			defaultConfigurationName = Release;
		};
		2B57CA5C22FB7D9B0052D3C4 /* Build configuration list for PBXNativeTarget "PPS-Data" */ = {
			isa = XCConfigurationList;
			buildConfigurations = (
				2B57CA5D22FB7D9B0052D3C4 /* Debug */,
				2B57CA5E22FB7D9B0052D3C4 /* Release */,
			);
			defaultConfigurationIsVisible = 0;
			defaultConfigurationName = Release;
		};
		2B57CA5F22FB7D9B0052D3C4 /* Build configuration list for PBXNativeTarget "PPS-DataTests" */ = {
			isa = XCConfigurationList;
			buildConfigurations = (
				2B57CA6022FB7D9B0052D3C4 /* Debug */,
				2B57CA6122FB7D9B0052D3C4 /* Release */,
			);
			defaultConfigurationIsVisible = 0;
			defaultConfigurationName = Release;
		};
		2B57CA6222FB7D9B0052D3C4 /* Build configuration list for PBXNativeTarget "PPS-DataUITests" */ = {
			isa = XCConfigurationList;
			buildConfigurations = (
				2B57CA6322FB7D9B0052D3C4 /* Debug */,
				2B57CA6422FB7D9B0052D3C4 /* Release */,
			);
			defaultConfigurationIsVisible = 0;
			defaultConfigurationName = Release;
		};
/* End XCConfigurationList section */
	};
	rootObject = 2B57CA2C22FB7D9A0052D3C4 /* Project object */;
}
